
Microsoft Visual Studio Solution File, Format Version 12.00
# Visual Studio Version 17
VisualStudioVersion = 17.0.31903.59
MinimumVisualStudioVersion = 10.0.40219.1
Project("{FAE04EC0-301F-11D3-BF4B-00C04F79EFBC}") = "api", "api\api.csproj", "{E4EDC731-6182-4725-941E-7E4F9E77CCFF}"
EndProject
Project("{FAE04EC0-301F-11D3-BF4B-00C04F79EFBC}") = "api.tests", "api.tests\api.tests.csproj", "{026CC7B2-C663-4EDF-8384-72E94D9B7D57}"
EndProject
Global
	GlobalSection(SolutionConfigurationPlatforms) = preSolution
		Debug|Any CPU = Debug|Any CPU
		Release|Any CPU = Release|Any CPU
	EndGlobalSection
	GlobalSection(ProjectConfigurationPlatforms) = postSolution
		{E4EDC731-6182-4725-941E-7E4F9E77CCFF}.Debug|Any CPU.ActiveCfg = Debug|Any CPU
		{E4EDC731-6182-4725-941E-7E4F9E77CCFF}.Debug|Any CPU.Build.0 = Debug|Any CPU
		{E4EDC731-6182-4725-941E-7E4F9E77CCFF}.Release|Any CPU.ActiveCfg = Release|Any CPU
		{E4EDC731-6182-4725-941E-7E4F9E77CCFF}.Release|Any CPU.Build.0 = Release|Any CPU
		{026CC7B2-C663-4EDF-8384-72E94D9B7D57}.Debug|Any CPU.ActiveCfg = Debug|Any CPU
		{026CC7B2-C663-4EDF-8384-72E94D9B7D57}.Debug|Any CPU.Build.0 = Debug|Any CPU
		{026CC7B2-C663-4EDF-8384-72E94D9B7D57}.Release|Any CPU.ActiveCfg = Release|Any CPU
		{026CC7B2-C663-4EDF-8384-72E94D9B7D57}.Release|Any CPU.Build.0 = Release|Any CPU
	EndGlobalSection
	GlobalSection(SolutionProperties) = preSolution
		HideSolutionNode = FALSE
	EndGlobalSection
EndGlobal
